
Microsoft Visual Studio Solution File, Format Version 12.00
# Visual Studio 15
VisualStudioVersion = 15.0.26430.6
MinimumVisualStudioVersion = 10.0.40219.1
Project("{FAE04EC0-301F-11D3-BF4B-00C04F79EFBC}") = "抽象工厂模式", "抽象工厂模式\抽象工厂模式.csproj", "{AE136A75-9749-4350-9AED-7D0512336869}"
EndProject
Project("{FAE04EC0-301F-11D3-BF4B-00C04F79EFBC}") = "浅拷贝", "浅拷贝\浅拷贝.csproj", "{43FDD7E7-A4E9-4421-9288-EF8A5DA6D148}"
EndProject
Project("{FAE04EC0-301F-11D3-BF4B-00C04F79EFBC}") = "深拷贝", "深拷贝\深拷贝.csproj", "{A7EEFB85-85F6-480C-900D-E1D556D4CEED}"
EndProject
Project("{FAE04EC0-301F-11D3-BF4B-00C04F79EFBC}") = "委托", "委托\委托.csproj", "{8166713F-0056-421C-9DB7-96401324A9C9}"
EndProject
Project("{FAE04EC0-301F-11D3-BF4B-00C04F79EFBC}") = "wxfWebService", "wxfWebService\wxfWebService.csproj", "{22A032E8-C463-4EFD-B494-C786F6CEDBA0}"
EndProject
Project("{FAE04EC0-301F-11D3-BF4B-00C04F79EFBC}") = "UseWebServer", "UseWebServer\UseWebServer.csproj", "{B4B42B3B-148D-4C11-82E4-8269E82172B8}"
	ProjectSection(ProjectDependencies) = postProject
		{22A032E8-C463-4EFD-B494-C786F6CEDBA0} = {22A032E8-C463-4EFD-B494-C786F6CEDBA0}
	EndProjectSection
EndProject
Project("{FAE04EC0-301F-11D3-BF4B-00C04F79EFBC}") = "UserLoginDemo", "UserLoginDemo\UserLoginDemo.csproj", "{1645E0C5-230C-48E0-A071-7566D98F899B}"
EndProject
Global
	GlobalSection(SolutionConfigurationPlatforms) = preSolution
		Debug|Any CPU = Debug|Any CPU
		Release|Any CPU = Release|Any CPU
	EndGlobalSection
	GlobalSection(ProjectConfigurationPlatforms) = postSolution
		{AE136A75-9749-4350-9AED-7D0512336869}.Debug|Any CPU.ActiveCfg = Debug|Any CPU
		{AE136A75-9749-4350-9AED-7D0512336869}.Debug|Any CPU.Build.0 = Debug|Any CPU
		{AE136A75-9749-4350-9AED-7D0512336869}.Release|Any CPU.ActiveCfg = Release|Any CPU
		{AE136A75-9749-4350-9AED-7D0512336869}.Release|Any CPU.Build.0 = Release|Any CPU
		{43FDD7E7-A4E9-4421-9288-EF8A5DA6D148}.Debug|Any CPU.ActiveCfg = Debug|Any CPU
		{43FDD7E7-A4E9-4421-9288-EF8A5DA6D148}.Debug|Any CPU.Build.0 = Debug|Any CPU
		{43FDD7E7-A4E9-4421-9288-EF8A5DA6D148}.Release|Any CPU.ActiveCfg = Release|Any CPU
		{43FDD7E7-A4E9-4421-9288-EF8A5DA6D148}.Release|Any CPU.Build.0 = Release|Any CPU
		{A7EEFB85-85F6-480C-900D-E1D556D4CEED}.Debug|Any CPU.ActiveCfg = Debug|Any CPU
		{A7EEFB85-85F6-480C-900D-E1D556D4CEED}.Debug|Any CPU.Build.0 = Debug|Any CPU
		{A7EEFB85-85F6-480C-900D-E1D556D4CEED}.Release|Any CPU.ActiveCfg = Release|Any CPU
		{A7EEFB85-85F6-480C-900D-E1D556D4CEED}.Release|Any CPU.Build.0 = Release|Any CPU
		{8166713F-0056-421C-9DB7-96401324A9C9}.Debug|Any CPU.ActiveCfg = Debug|Any CPU
		{8166713F-0056-421C-9DB7-96401324A9C9}.Debug|Any CPU.Build.0 = Debug|Any CPU
		{8166713F-0056-421C-9DB7-96401324A9C9}.Release|Any CPU.ActiveCfg = Release|Any CPU
		{8166713F-0056-421C-9DB7-96401324A9C9}.Release|Any CPU.Build.0 = Release|Any CPU
		{22A032E8-C463-4EFD-B494-C786F6CEDBA0}.Debug|Any CPU.ActiveCfg = Debug|Any CPU
		{22A032E8-C463-4EFD-B494-C786F6CEDBA0}.Debug|Any CPU.Build.0 = Debug|Any CPU
		{22A032E8-C463-4EFD-B494-C786F6CEDBA0}.Release|Any CPU.ActiveCfg = Release|Any CPU
		{22A032E8-C463-4EFD-B494-C786F6CEDBA0}.Release|Any CPU.Build.0 = Release|Any CPU
		{B4B42B3B-148D-4C11-82E4-8269E82172B8}.Debug|Any CPU.ActiveCfg = Debug|Any CPU
		{B4B42B3B-148D-4C11-82E4-8269E82172B8}.Debug|Any CPU.Build.0 = Debug|Any CPU
		{B4B42B3B-148D-4C11-82E4-8269E82172B8}.Release|Any CPU.ActiveCfg = Release|Any CPU
		{B4B42B3B-148D-4C11-82E4-8269E82172B8}.Release|Any CPU.Build.0 = Release|Any CPU
		{1645E0C5-230C-48E0-A071-7566D98F899B}.Debug|Any CPU.ActiveCfg = Debug|Any CPU
		{1645E0C5-230C-48E0-A071-7566D98F899B}.Debug|Any CPU.Build.0 = Debug|Any CPU
		{1645E0C5-230C-48E0-A071-7566D98F899B}.Release|Any CPU.ActiveCfg = Release|Any CPU
		{1645E0C5-230C-48E0-A071-7566D98F899B}.Release|Any CPU.Build.0 = Release|Any CPU
	EndGlobalSection
	GlobalSection(SolutionProperties) = preSolution
		HideSolutionNode = FALSE
	EndGlobalSection
EndGlobal
